
Microsoft Visual Studio Solution File, Format Version 12.00
# Visual Studio Version 16
VisualStudioVersion = 16.0.30804.86
MinimumVisualStudioVersion = 10.0.40219.1
Project("{FAE04EC0-301F-11D3-BF4B-00C04F79EFBC}") = "CRUD Cadastro de Funcionarios", "CRUD Cadastro de Funcionarios.csproj", "{5FA7D809-F6B2-4AC6-B711-A04D17AA942C}"
EndProject
Global
	GlobalSection(SolutionConfigurationPlatforms) = preSolution
		Debug|Any CPU = Debug|Any CPU
		Release|Any CPU = Release|Any CPU
	EndGlobalSection
	GlobalSection(ProjectConfigurationPlatforms) = postSolution
		{5FA7D809-F6B2-4AC6-B711-A04D17AA942C}.Debug|Any CPU.ActiveCfg = Debug|Any CPU
		{5FA7D809-F6B2-4AC6-B711-A04D17AA942C}.Debug|Any CPU.Build.0 = Debug|Any CPU
		{5FA7D809-F6B2-4AC6-B711-A04D17AA942C}.Release|Any CPU.ActiveCfg = Release|Any CPU
		{5FA7D809-F6B2-4AC6-B711-A04D17AA942C}.Release|Any CPU.Build.0 = Release|Any CPU
	EndGlobalSection
	GlobalSection(SolutionProperties) = preSolution
		HideSolutionNode = FALSE
	EndGlobalSection
	GlobalSection(ExtensibilityGlobals) = postSolution
		SolutionGuid = {21D72672-5266-4BDE-9BAE-2D024B47952B}
	EndGlobalSection
EndGlobal
